{
  "name": "create-venture-project",
  "version": "1.0.0",
  "lockfileVersion": 2,
  "requires": true,
  "packages": {
    "": {
      "name": "create-venture-project",
      "version": "1.0.0",
      "license": "ISC",
      "bin": {
        "create-venture-project": "bin/cli.js"
      }
    }
  }
}
